
Microsoft Visual Studio Solution File, Format Version 12.00
# Visual Studio 2013
VisualStudioVersion = 12.0.40629.0
MinimumVisualStudioVersion = 10.0.40219.1
Project("{FAE04EC0-301F-11D3-BF4B-00C04F79EFBC}") = "Threading.ValueMonitor", "Threading.ValueMonitor\Threading.ValueMonitor.csproj", "{124839FB-7309-4788-B179-20E6FEC7EB80}"
EndProject
Project("{FAE04EC0-301F-11D3-BF4B-00C04F79EFBC}") = "Threading.ValueMonitor.Tests", "Threading.ValueMonitor.Tests\Threading.ValueMonitor.Tests.csproj", "{BCEDE00A-7F8A-41C7-BCC7-020F0A386DFF}"
EndProject
Project("{2150E333-8FDC-42A3-9474-1A3956D46DE8}") = ".nuget", ".nuget", "{8327554B-9023-41B4-A245-64D4F128A1B1}"
	ProjectSection(SolutionItems) = preProject
		.nuget\NuGet.exe = .nuget\NuGet.exe
		.nuget\NuGet.targets = .nuget\NuGet.targets
	EndProjectSection
EndProject
Global
	GlobalSection(SolutionConfigurationPlatforms) = preSolution
		Debug|Any CPU = Debug|Any CPU
		Release|Any CPU = Release|Any CPU
	EndGlobalSection
	GlobalSection(ProjectConfigurationPlatforms) = postSolution
		{124839FB-7309-4788-B179-20E6FEC7EB80}.Debug|Any CPU.ActiveCfg = Debug|Any CPU
		{124839FB-7309-4788-B179-20E6FEC7EB80}.Debug|Any CPU.Build.0 = Debug|Any CPU
		{124839FB-7309-4788-B179-20E6FEC7EB80}.Release|Any CPU.ActiveCfg = Release|Any CPU
		{124839FB-7309-4788-B179-20E6FEC7EB80}.Release|Any CPU.Build.0 = Release|Any CPU
		{BCEDE00A-7F8A-41C7-BCC7-020F0A386DFF}.Debug|Any CPU.ActiveCfg = Debug|Any CPU
		{BCEDE00A-7F8A-41C7-BCC7-020F0A386DFF}.Debug|Any CPU.Build.0 = Debug|Any CPU
		{BCEDE00A-7F8A-41C7-BCC7-020F0A386DFF}.Release|Any CPU.ActiveCfg = Release|Any CPU
		{BCEDE00A-7F8A-41C7-BCC7-020F0A386DFF}.Release|Any CPU.Build.0 = Release|Any CPU
	EndGlobalSection
	GlobalSection(SolutionProperties) = preSolution
		HideSolutionNode = FALSE
	EndGlobalSection
EndGlobal
